GIT
  remote: https://github.com/Origen-SDK/origen_app_generators.git
  revision: 9918fe9d340cd69dbd74457d9deb5d5216296b86
  specs:
    origen_app_generators (2.2.1)
      origen (>= 0.40.2)

GIT
  remote: https://github.com/Origen-SDK/origen_core_support.git
  revision: c300af1ad9aedea3ac75368d3f134eaafc3a09ec
  specs:
    origen_core_support (0.2.3)
      origen (>= 0.2.6)
      origen_testers

GIT
  remote: https://github.com/Origen-SDK/origen_sim.git
  revision: dc0e5fccbfeeb4197565a3fbfe310f389b4f9cd0
  specs:
    origen_sim (0.21.0)
      origen (>= 0.44.0)
      origen_testers (>= 0.21.0)
      origen_verilog (>= 0.6.3)

GIT
  remote: https://github.com/Origen-SDK/origen_testers.git
  revision: 7843a93c82cd600f326408ff47a4a127db6ee5ab
  branch: feature/ruby_4_0
  specs:
    origen_testers (0.52.15)
      ast (~> 2)
      atp (~> 1.1, >= 1.1.3)
      dentaku (~> 3)
      origen_stil (>= 0.2.1)
      parallel (>= 1.24)
      require_all (~> 1)
      rodf (~> 1)
      sexpistol (= 0.1.2)
      simplecov (~> 0.17)
      simplecov-html (~> 0.10.0)

PATH
  remote: .
  specs:
    origen (0.61.0)
      activesupport (~> 4.1)
      base64 (~> 0)
      bundler (> 1.7)
      coderay (~> 1.1)
      colored (~> 1.2)
      colorize (~> 0.8.1)
      concurrent-ruby
      dentaku (~> 3)
      gems (~> 0.8)
      highline (~> 1.7)
      httparty (~> 0.13)
      irb (>= 1, < 1.8)
      kramdown (~> 2.4)
      logger (~> 1)
      nanoc (~> 3.7.0)
      net-ldap (~> 0.13)
      net-smtp (~> 0)
      nokogiri (>= 1.11.0)
      pry (~> 0.10)
      rake (~> 10)
      rspec (~> 3)
      rspec-legacy_formatters (~> 1)
      rubocop (>= 1.28, < 2)
      scrub_rb (~> 1.0)
      simplecov (~> 0.17)
      simplecov-html (~> 0.10)
      thor (~> 1)
      yard (~> 0.8)

GEM
  remote: https://rubygems.org/
  specs:
    activesupport (4.2.11.3)
      i18n (~> 0.7)
      minitest (~> 5.1)
      thread_safe (~> 0.3, >= 0.3.4)
      tzinfo (~> 1.1)
    ast (2.4.3)
    atp (1.1.3)
      ast (~> 2)
      origen (>= 0.2.3)
      sexpistol (~> 0.0)
    base64 (0.3.0)
    benchmark (0.5.0)
    bigdecimal (4.1.2)
    builder (3.3.0)
    coderay (1.1.3)
    colored (1.2)
    colorize (0.8.1)
    concurrent-ruby (1.3.7)
    coveralls (0.7.1)
      multi_json (~> 1.3)
      rest-client
      simplecov (>= 0.7)
      term-ansicolor
      thor
    cri (2.15.12)
    csv (3.3.5)
    dentaku (3.5.7)
      bigdecimal
      concurrent-ruby
    diff-lcs (1.6.2)
    docile (1.4.1)
    domain_name (0.6.20240107)
    fiddle (1.1.8)
    gems (0.8.3)
    highline (1.7.10)
    http-accept (1.7.0)
    http-cookie (1.1.6)
      domain_name (~> 0.5)
    httparty (0.24.2)
      csv
      mini_mime (>= 1.0.0)
      multi_xml (>= 0.5.2)
    i18n (0.9.5)
      concurrent-ruby (~> 1.0)
    io-console (0.8.2)
    irb (1.7.4)
      reline (>= 0.3.6)
    json (2.20.0)
    kramdown (2.5.2)
      rexml (>= 3.4.4)
    language_server-protocol (3.17.0.5)
    lint_roller (1.1.0)
    loco (0.0.7)
    logger (1.7.0)
    method_source (1.1.0)
    mime-types (3.7.0)
      logger
      mime-types-data (~> 3.2025, >= 3.2025.0507)
    mime-types-data (3.2026.0414)
    mini_mime (1.1.5)
    minitest (5.27.0)
    mize (0.6.1)
    multi_json (1.21.1)
    multi_xml (0.9.1)
      bigdecimal (>= 3.1, < 5)
    mutex_m (0.3.0)
    nanoc (3.7.5)
      cri (~> 2.3)
    net-ldap (0.20.0)
      base64
      ostruct
    net-protocol (0.2.2)
      timeout
    net-smtp (0.5.1)
      net-protocol
    netrc (0.11.0)
    nokogiri (1.19.4-aarch64-linux-gnu)
      racc (~> 1.4)
    nokogiri (1.19.4-aarch64-linux-musl)
      racc (~> 1.4)
    nokogiri (1.19.4-arm-linux-gnu)
      racc (~> 1.4)
    nokogiri (1.19.4-arm-linux-musl)
      racc (~> 1.4)
    nokogiri (1.19.4-arm64-darwin)
      racc (~> 1.4)
    nokogiri (1.19.4-x86_64-darwin)
      racc (~> 1.4)
    nokogiri (1.19.4-x86_64-linux-gnu)
      racc (~> 1.4)
    nokogiri (1.19.4-x86_64-linux-musl)
      racc (~> 1.4)
    origen_debuggers (0.6.1)
      origen (>= 0.2.6)
      origen_testers (>= 0.5.0)
    origen_doc_helpers (0.8.6)
      origen (>= 0.7.15)
    origen_jtag (0.22.3)
      origen (~> 0.7, >= 0.7.35)
      origen_testers (>= 0.13.2)
    origen_stil (0.3.0)
      ast (~> 2)
      origen (>= 0.33.3)
      treetop
    origen_verilog (0.6.3)
      ast (~> 2)
      origen (>= 0.41.0)
      treetop
    ostruct (0.6.3)
    parallel (2.1.0)
    parser (3.3.11.1)
      ast (~> 2.4.1)
      racc
    polyglot (0.3.5)
    prism (1.9.0)
    pry (0.16.0)
      coderay (~> 1.1)
      method_source (~> 1.0)
      reline (>= 0.6.0)
    pstore (0.2.1)
    racc (1.8.1)
    rainbow (3.1.1)
    rake (10.5.0)
    readline (0.0.4)
      reline
    regexp_parser (2.12.0)
    reline (0.6.3)
      io-console (~> 0.5)
    require_all (1.5.0)
    rest-client (2.1.0)
      http-accept (>= 1.7.0, < 2.0)
      http-cookie (>= 1.0.2, < 2.0)
      mime-types (>= 1.16, < 4.0)
      netrc (~> 0.8)
    rexml (3.4.4)
    ripper-tags (1.0.2)
    rodf (1.3.0)
      builder (>= 3.0)
      rubyzip (>= 3.2)
    rspec (3.13.2)
      rspec-core (~> 3.13.0)
      rspec-expectations (~> 3.13.0)
      rspec-mocks (~> 3.13.0)
    rspec-core (3.13.6)
      rspec-support (~> 3.13.0)
    rspec-expectations (3.13.5)
      diff-lcs (>= 1.2.0, < 2.0)
      rspec-support (~> 3.13.0)
    rspec-legacy_formatters (1.0.2)
      rspec (~> 3.0)
    rspec-mocks (3.13.8)
      diff-lcs (>= 1.2.0, < 2.0)
      rspec-support (~> 3.13.0)
    rspec-support (3.13.7)
    rubocop (1.88.0)
      json (~> 2.3)
      language_server-protocol (~> 3.17.0.2)
      lint_roller (~> 1.1.0)
      parallel (>= 1.10)
      parser (>= 3.3.0.2)
      rainbow (>= 2.2.2, < 4.0)
      regexp_parser (>= 2.9.3, < 3.0)
      rubocop-ast (>= 1.49.0, < 2.0)
      ruby-progressbar (~> 1.7)
      unicode-display_width (>= 2.4.0, < 4.0)
    rubocop-ast (1.49.1)
      parser (>= 3.3.7.2)
      prism (~> 1.7)
    ruby-progressbar (1.13.0)
    rubyzip (3.4.1)
    scrub_rb (1.0.1)
    sexpistol (0.1.2)
    simplecov (0.17.1)
      docile (~> 1.1)
      json (>= 1.8, < 3)
      simplecov-html (~> 0.10.0)
    simplecov-html (0.10.2)
    sync (0.5.0)
    term-ansicolor (1.11.3)
      tins (~> 1)
    thor (1.5.0)
    thread_safe (0.3.6)
    timeout (0.6.1)
    tins (1.54.0)
      bigdecimal
      mize (~> 0.6)
      readline
      sync
    treetop (1.6.18)
      polyglot (~> 0.3)
    tzinfo (1.2.11)
      thread_safe (~> 0.1)
    unicode-display_width (3.2.0)
      unicode-emoji (~> 4.1)
    unicode-emoji (4.2.0)
    yard (0.9.44)

PLATFORMS
  aarch64-linux-gnu
  aarch64-linux-musl
  arm-linux-gnu
  arm-linux-musl
  arm64-darwin
  x86_64-darwin
  x86_64-linux-gnu
  x86_64-linux-musl

DEPENDENCIES
  benchmark
  coveralls
  fiddle (~> 1)
  loco
  mutex_m
  origen!
  origen_app_generators!
  origen_core_support!
  origen_debuggers (~> 0)
  origen_doc_helpers
  origen_jtag
  origen_sim!
  origen_testers!
  pstore
  ripper-tags

CHECKSUMS
  activesupport (4.2.11.3) sha256=515015c5b8c7b35af33f5911c14248b06438c25fda60905965ba8d3c2237e372
  ast (2.4.3) sha256=954615157c1d6a382bc27d690d973195e79db7f55e9765ac7c481c60bdb4d383
  atp (1.1.3) sha256=aa12d14cbb1e06a481bee8ad01eee24fadc330753e4053f28e3ad8bba6c0cc5b
  base64 (0.3.0) sha256=27337aeabad6ffae05c265c450490628ef3ebd4b67be58257393227588f5a97b
  benchmark (0.5.0) sha256=465df122341aedcb81a2a24b4d3bd19b6c67c1530713fd533f3ff034e419236c
  bigdecimal (4.1.2) sha256=53d217666027eab4280346fba98e7d5b66baaae1b9c3c1c0ffe89d48188a3fbd
  builder (3.3.0) sha256=497918d2f9dca528fdca4b88d84e4ef4387256d984b8154e9d5d3fe5a9c8835f
  coderay (1.1.3) sha256=dc530018a4684512f8f38143cd2a096c9f02a1fc2459edcfe534787a7fc77d4b
  colored (1.2) sha256=9d82b47ac589ce7f6cab64b1f194a2009e9fd00c326a5357321f44afab2c1d2c
  colorize (0.8.1) sha256=0ba0c2a58232f9b706dc30621ea6aa6468eeea120eb6f1ccc400105b90c4798c
  concurrent-ruby (1.3.7) sha256=4412caec3a5ea2e5fdc52076724c071a81f2c0593d83b2ac8cbb8ca63b3151b0
  coveralls (0.7.1) sha256=7c50c86339e9069f2c2c16cb3c778ef0f61d560a9566d41d7d81363bc75d272d
  cri (2.15.12) sha256=8abfe924ef53e772a8e4ee907e791d3bfcfca78bc62a5859e3b9899ba29956e5
  csv (3.3.5) sha256=6e5134ac3383ef728b7f02725d9872934f523cb40b961479f69cf3afa6c8e73f
  dentaku (3.5.7) sha256=8d15a4a801ac8e1491dd2842bb76e38dd2794e9c8aa0f6e06f59d7ec62727db0
  diff-lcs (1.6.2) sha256=9ae0d2cba7d4df3075fe8cd8602a8604993efc0dfa934cff568969efb1909962
  docile (1.4.1) sha256=96159be799bfa73cdb721b840e9802126e4e03dfc26863db73647204c727f21e
  domain_name (0.6.20240107) sha256=5f693b2215708476517479bf2b3802e49068ad82167bcd2286f899536a17d933
  fiddle (1.1.8) sha256=7fa8ee3627271497f3add5503acdbc3f40b32f610fc1cf49634f083ef3f32eee
  gems (0.8.3) sha256=2bcf69bb8fb90dd1f926fb7d8f2d8c9857540e04385ac742999a05c74fe24a05
  highline (1.7.10) sha256=1e147d5d20f1ad5b0e23357070d1e6d0904ae9f71c3c49e0234cf682ae3c2b06
  http-accept (1.7.0) sha256=c626860682bfbb3b46462f8c39cd470fd7b0584f61b3cc9df5b2e9eb9972a126
  http-cookie (1.1.6) sha256=ba4b82be64de61dc281243dac70e3c382c45142f20268ed9276a3670c93feaa9
  httparty (0.24.2) sha256=8fca6a54aa0c4aa4303a0fd33e5e2156175d6a5334f714263b458abd7fda9c38
  i18n (0.9.5) sha256=43a58b55056ef171cae9b35df8aa5dee22d3a782f8a9bdd0ec8e8d36cfdf180d
  io-console (0.8.2) sha256=d6e3ae7a7cc7574f4b8893b4fca2162e57a825b223a177b7afa236c5ef9814cc
  irb (1.7.4) sha256=c80e2b259f8d2277adaae4bc9a0e6d0f5a9d9578c1a15728b6180f3941500c95
  json (2.20.0) sha256=9362bc6e55a952b056abf9167cf053358181c904cb70cd6eee0808ea830fc32b
  kramdown (2.5.2) sha256=1ba542204c66b6f9111ff00dcc26075b95b220b07f2905d8261740c82f7f02fa
  language_server-protocol (3.17.0.5) sha256=fd1e39a51a28bf3eec959379985a72e296e9f9acfce46f6a79d31ca8760803cc
  lint_roller (1.1.0) sha256=2c0c845b632a7d172cb849cc90c1bce937a28c5c8ccccb50dfd46a485003cc87
  loco (0.0.7) sha256=57a7f028e26b8999575b5e8bf93b7051f7f7188cd26a8f75f019257626eaf899
  logger (1.7.0) sha256=196edec7cc44b66cfb40f9755ce11b392f21f7967696af15d274dde7edff0203
  method_source (1.1.0) sha256=181301c9c45b731b4769bc81e8860e72f9161ad7d66dd99103c9ab84f560f5c5
  mime-types (3.7.0) sha256=dcebf61c246f08e15a4de34e386ebe8233791e868564a470c3fe77c00eed5e56
  mime-types-data (3.2026.0414) sha256=461c4c655373a44bd6c5fe54bcf5b7776026ea96e808144b1ec465c4b99148cc
  mini_mime (1.1.5) sha256=8681b7e2e4215f2a159f9400b5816d85e9d8c6c6b491e96a12797e798f8bccef
  minitest (5.27.0) sha256=2d3b17f8a36fe7801c1adcffdbc38233b938eb0b4966e97a6739055a45fa77d5
  mize (0.6.1) sha256=4031558979ff5426fda24c75a149b4e4c0faf4cacf2fae8938f83866ab94b780
  multi_json (1.21.1) sha256=e6126a31808e3b4d19f483c775ceac34df190dffa62adfb63a165ee14ba68080
  multi_xml (0.9.1) sha256=7ce766b59c17241ed62976caeae1fae9b2431b263398c35396239a68c4a64e57
  mutex_m (0.3.0) sha256=cfcb04ac16b69c4813777022fdceda24e9f798e48092a2b817eb4c0a782b0751
  nanoc (3.7.5) sha256=504309339c3e7711e6d75741b8bfa1ac1c6bcbd4a6accfc7beafbd5a45812602
  net-ldap (0.20.0) sha256=b2080b350753a9ac4930869ded8e61a1d2151c01e03b0bf07b4675cbd9ce5372
  net-protocol (0.2.2) sha256=aa73e0cba6a125369de9837b8d8ef82a61849360eba0521900e2c3713aa162a8
  net-smtp (0.5.1) sha256=ed96a0af63c524fceb4b29b0d352195c30d82dd916a42f03c62a3a70e5b70736
  netrc (0.11.0) sha256=de1ce33da8c99ab1d97871726cba75151113f117146becbe45aa85cb3dabee3f
  nokogiri (1.19.4-aarch64-linux-gnu) sha256=1269fb644a6de405057a53dd5c762b1209b43ca7424f839454d3dbc677c31a8f
  nokogiri (1.19.4-aarch64-linux-musl) sha256=35c65b9ce72b3bb03207bdbe7067915019dc18c1b9b59139684bd6690fdd01af
  nokogiri (1.19.4-arm-linux-gnu) sha256=a301313e38bb065d68239e79734bcd6f56fb6efaacebde29e9abf2a4735340ca
  nokogiri (1.19.4-arm-linux-musl) sha256=588923c101bcfa78869734d247d25b598674323e7f22474fc468f6e5647311eb
  nokogiri (1.19.4-arm64-darwin) sha256=a46db9853286e6597b36ebc6953817d15acf3a299583eb3f89fdc6f91dd63527
  nokogiri (1.19.4-x86_64-darwin) sha256=7fd17057d3e1f00e9954a74b3cd76595d3d4a5ef233b7ed9599047c204f70551
  nokogiri (1.19.4-x86_64-linux-gnu) sha256=379fae440b28915e3f19d752ce2dcf8465ed2b2fbefd2a7ca0dd497bc981a06a
  nokogiri (1.19.4-x86_64-linux-musl) sha256=17dfb7c1fa194ae02fbf7c51a7afc8d278045ab3fdacfd86f91d02d7b274470b
  origen (0.61.0)
  origen_app_generators (2.2.1)
  origen_core_support (0.2.3)
  origen_debuggers (0.6.1) sha256=e950372f3939d3af1f7b4419e62ee535a033848d38585159f05187dd00f02935
  origen_doc_helpers (0.8.6) sha256=c4dc27338ac0665148dedf6dfcb6c7cadba59818b9c48e981e2130eec2d1c398
  origen_jtag (0.22.3) sha256=6d86b26729cfabbe03481c56c866fdf1f105384ce9b632ed1c455b856fb10540
  origen_sim (0.21.0)
  origen_stil (0.3.0) sha256=b40392f9e5ba41c7d0adc5b858c4e7e616f135ffa74056e9c9511615b71caa15
  origen_testers (0.52.15)
  origen_verilog (0.6.3) sha256=32a52a44d8e41cfaf394e3d698db969345e8da5f191a5055254d8832db776e0c
  ostruct (0.6.3) sha256=95a2ed4a4bd1d190784e666b47b2d3f078e4a9efda2fccf18f84ddc6538ed912
  parallel (2.1.0) sha256=b35258865c2e31134c5ecb708beaaf6772adf9d5efae28e93e99260877b09356
  parser (3.3.11.1) sha256=d17ace7aabe3e72c3cc94043714be27cc6f852f104d81aa284c2281aecc65d54
  polyglot (0.3.5) sha256=59d66ef5e3c166431c39cb8b7c1d02af419051352f27912f6a43981b3def16af
  prism (1.9.0) sha256=7b530c6a9f92c24300014919c9dcbc055bf4cdf51ec30aed099b06cd6674ef85
  pry (0.16.0) sha256=d76c69065698ed1f85e717bd33d7942c38a50868f6b0673c636192b3d1b6054e
  pstore (0.2.1) sha256=03904d0f2c66579e96d1e6704cdabc0c88df7ea8ed8782d9f3569f6f6c702c1a
  racc (1.8.1) sha256=4a7f6929691dbec8b5209a0b373bc2614882b55fc5d2e447a21aaa691303d62f
  rainbow (3.1.1) sha256=039491aa3a89f42efa1d6dec2fc4e62ede96eb6acd95e52f1ad581182b79bc6a
  rake (10.5.0) sha256=2b55a1ad44b5c945719d8a97c302a316af770b835187d12143e83069df5a8a49
  readline (0.0.4) sha256=6138eef17be2b98298b672c3ea63bf9cb5158d401324f26e1e84f235879c1d6a
  regexp_parser (2.12.0) sha256=35a916a1d63190ab5c9009457136ae5f3c0c7512d60291d0d1378ba18ce08ebb
  reline (0.6.3) sha256=1198b04973565b36ec0f11542ab3f5cfeeec34823f4e54cebde90968092b1835
  require_all (1.5.0) sha256=1a369aaaf7977a1d692ce61174d505320b5330a0c8ca3f1acdc456f5fa10bbb4
  rest-client (2.1.0) sha256=35a6400bdb14fae28596618e312776c158f7ebbb0ccad752ff4fa142bf2747e3
  rexml (3.4.4) sha256=19e0a2c3425dfbf2d4fc1189747bdb2f849b6c5e74180401b15734bc97b5d142
  ripper-tags (1.0.2) sha256=8e61f900a5efe39873bc74231fb650c098316fd8bdc9f6818c74c763def8fc50
  rodf (1.3.0) sha256=38d93c43c4f3240b72866bb29ac38a1f6a63f049d6a4bbeb34b2d5d7b0acd794
  rspec (3.13.2) sha256=206284a08ad798e61f86d7ca3e376718d52c0bc944626b2349266f239f820587
  rspec-core (3.13.6) sha256=a8823c6411667b60a8bca135364351dda34cd55e44ff94c4be4633b37d828b2d
  rspec-expectations (3.13.5) sha256=33a4d3a1d95060aea4c94e9f237030a8f9eae5615e9bd85718fe3a09e4b58836
  rspec-legacy_formatters (1.0.2) sha256=880659732bba9364636b6f7f82c9c5a2c6a6b6b83b81ad35206d88480de03f5c
  rspec-mocks (3.13.8) sha256=086ad3d3d17533f4237643de0b5c42f04b66348c28bf6b9c2d3f4a3b01af1d47
  rspec-support (3.13.7) sha256=0640e5570872aafefd79867901deeeeb40b0c9875a36b983d85f54fb7381c47c
  rubocop (1.88.0) sha256=e420ddf1662d0ef34bc8a2910ac4b396a7ddda0b51a708264405241734b08e0b
  rubocop-ast (1.49.1) sha256=4412f3ee70f6fe4546cc489548e0f6fcf76cafcfa80fa03af67098ffed755035
  ruby-progressbar (1.13.0) sha256=80fc9c47a9b640d6834e0dc7b3c94c9df37f08cb072b7761e4a71e22cff29b33
  rubyzip (3.4.1) sha256=0a79e745b5c25872ebd148457df5665da8530ed8626c993b01457128f173ca02
  scrub_rb (1.0.1) sha256=7d346064704379f9e793f926680b01901e99e3898bcd24635427f081f8188f37
  sexpistol (0.1.2) sha256=9ed4782ce470964966e529b1275ef31e905c04fa6403136c480ad84bd7b062d9
  simplecov (0.17.1) sha256=bce55e0993375166c203006cc402f8115362045add83b154d305cc680d996584
  simplecov-html (0.10.2) sha256=f65306e2695913c007ddc8d31d6318f37ae074f2ee1cea1647b3bf4c94ca30d2
  sync (0.5.0) sha256=668356cc07c59ac7ed9ecf34fec3929831f179c07adb1f3e1c3b7a1609a638fd
  term-ansicolor (1.11.3) sha256=8c01ec3abd095eb94dca8aed5a127d36e594239eb525eb306259c9e930534603
  thor (1.5.0) sha256=e3a9e55fe857e44859ce104a84675ab6e8cd59c650a49106a05f55f136425e73
  thread_safe (0.3.6) sha256=9ed7072821b51c57e8d6b7011a8e282e25aeea3a4065eab326e43f66f063b05a
  timeout (0.6.1) sha256=78f57368a7e7bbadec56971f78a3f5ecbcfb59b7fcbb0a3ed6ddc08a5094accb
  tins (1.54.0) sha256=62e14ff2f8ace5eb52828f7262987a434f8411de3aac2aa27ef4680446557af9
  treetop (1.6.18) sha256=a3043f32f1c652aa2abdf3a3848edb2d2f69897257af2675516ac61355c183da
  tzinfo (1.2.11) sha256=6501f6a12175ca0243118b83f7c7c2b7978aaec7a0980550a124d007ad6361b6
  unicode-display_width (3.2.0) sha256=0cdd96b5681a5949cdbc2c55e7b420facae74c4aaf9a9815eee1087cb1853c42
  unicode-emoji (4.2.0) sha256=519e69150f75652e40bf736106cfbc8f0f73aa3fb6a65afe62fefa7f80b0f80f
  yard (0.9.44) sha256=eb087e9b631ccd887b049f303d489963945452d5e2a7eb49a5a74a7cf6887f28

BUNDLED WITH
  4.0.3
